<?xml version="1.0" encoding="utf-8"?>
<Project ToolsVersion="4.0" xmlns="http://schemas.microsoft.com/developer/msbuild/2003">
  <ItemGroup>
    <Filter Include="Source Files">
      <UniqueIdentifier>{4FC737F1-C7A5-4376-A066-2A32D752A2FF}</UniqueIdentifier>
      <Extensions>cpp;c;cc;cxx;def;odl;idl;hpj;bat;asm;asmx</Extensions>
    </Filter>
    <Filter Include="Header Files">
      <UniqueIdentifier>{93995380-89BD-4b04-88EB-625FBE52EBFB}</UniqueIdentifier>
      <Extensions>h;hh;hpp;hxx;hm;inl;inc;ipp;xsd</Extensions>
    </Filter>
    <Filter Include="Resource Files">
      <UniqueIdentifier>{67DA6AB6-F800-4c08-8B7A-83BB121AAD01}</UniqueIdentifier>
      <Extensions>rc;ico;cur;bmp;dlg;rc2;rct;bin;rgs;gif;jpg;jpeg;jpe;resx;tiff;tif;png;wav;mfcribbon-ms</Extensions>
    </Filter>
    <Filter Include="Source Files\backup">
      <UniqueIdentifier>{1A2B3C4D-5E6F-7A8B-9C0D-1E2F3A4B5C6D}</UniqueIdentifier>
    </Filter>
    <Filter Include="Source Files\engine">
      <UniqueIdentifier>{2B3C4D5E-6F7A-8B9C-0D1E-2F3A4B5C6D7E}</UniqueIdentifier>
    </Filter>
    <Filter Include="Source Files\gui">
      <UniqueIdentifier>{3C4D5E6F-7A8B-9C0D-1E2F-3A4B5C6D7E8F}</UniqueIdentifier>
    </Filter>
    <Filter Include="Source Files\modules">
      <UniqueIdentifier>{4D5E6F7A-8B9C-0D1E-2F3A-4B5C6D7E8F9A}</UniqueIdentifier>
    </Filter>
    <Filter Include="Source Files\utils">
      <UniqueIdentifier>{5E6F7A8B-9C0D-1E2F-3A4B-5C6D7E8F9A0B}</UniqueIdentifier>
    </Filter>
    <Filter Include="Header Files\backup">
      <UniqueIdentifier>{6F7A8B9C-0D1E-2F3A-4B5C-6D7E8F9A0B1C}</UniqueIdentifier>
    </Filter>
    <Filter Include="Header Files\engine">
      <UniqueIdentifier>{7A8B9C0D-1E2F-3A4B-5C6D-7E8F9A0B1C2D}</UniqueIdentifier>
    </Filter>
    <Filter Include="Header Files\gui">
      <UniqueIdentifier>{8B9C0D1E-2F3A-4B5C-6D7E-8F9A0B1C2D3E}</UniqueIdentifier>
    </Filter>
    <Filter Include="Header Files\modules">
      <UniqueIdentifier>{9C0D1E2F-3A4B-5C6D-7E8F-9A0B1C2D3E4F}</UniqueIdentifier>
    </Filter>
    <Filter Include="Header Files\utils">
      <UniqueIdentifier>{0D1E2F3A-4B5C-6D7E-8F9A-0B1C2D3E4F5A}</UniqueIdentifier>
    </Filter>
    <Filter Include="External\ImGui">
      <UniqueIdentifier>{1E2F3A4B-5C6D-7E8F-9A0B-1C2D3E4F5A6B}</UniqueIdentifier>
    </Filter>
  </ItemGroup>
  <ItemGroup>
    <ClCompile Include="src\main.cpp">
      <Filter>Source Files</Filter>
    </ClCompile>
    <ClCompile Include="src\backup\BackupManager.cpp">
      <Filter>Source Files\backup</Filter>
    </ClCompile>
    <ClCompile Include="src\engine\RandomizationEngine.cpp">
      <Filter>Source Files\engine</Filter>
    </ClCompile>
    <ClCompile Include="src\gui\GuiManager.cpp">
      <Filter>Source Files\gui</Filter>
    </ClCompile>
    <ClCompile Include="src\modules\CpuModule.cpp">
      <Filter>Source Files\modules</Filter>
    </ClCompile>
    <ClCompile Include="src\modules\DiskSerialModule.cpp">
      <Filter>Source Files\modules</Filter>
    </ClCompile>
    <ClCompile Include="src\modules\EfiModule.cpp">
      <Filter>Source Files\modules</Filter>
    </ClCompile>
    <ClCompile Include="src\modules\GpuModule.cpp">
      <Filter>Source Files\modules</Filter>
    </ClCompile>
    <ClCompile Include="src\modules\MacAddressModule.cpp">
      <Filter>Source Files\modules</Filter>
    </ClCompile>
    <ClCompile Include="src\modules\MachineGuidModule.cpp">
      <Filter>Source Files\modules</Filter>
    </ClCompile>
    <ClCompile Include="src\modules\MonitorModule.cpp">
      <Filter>Source Files\modules</Filter>
    </ClCompile>
    <ClCompile Include="src\modules\RamModule.cpp">
      <Filter>Source Files\modules</Filter>
    </ClCompile>
    <ClCompile Include="src\modules\SecureBootModule.cpp">
      <Filter>Source Files\modules</Filter>
    </ClCompile>
    <ClCompile Include="src\modules\SmbiosModule.cpp">
      <Filter>Source Files\modules</Filter>
    </ClCompile>
    <ClCompile Include="src\modules\TpmModule.cpp">
      <Filter>Source Files\modules</Filter>
    </ClCompile>
    <ClCompile Include="src\modules\UsbModule.cpp">
      <Filter>Source Files\modules</Filter>
    </ClCompile>
    <ClCompile Include="src\utils\Logger.cpp">
      <Filter>Source Files\utils</Filter>
    </ClCompile>
    <ClCompile Include="src\utils\Utils.cpp">
      <Filter>Source Files\utils</Filter>
    </ClCompile>
    <ClCompile Include="external\imgui\imgui.cpp">
      <Filter>External\ImGui</Filter>
    </ClCompile>
    <ClCompile Include="external\imgui\imgui_draw.cpp">
      <Filter>External\ImGui</Filter>
    </ClCompile>
    <ClCompile Include="external\imgui\imgui_widgets.cpp">
      <Filter>External\ImGui</Filter>
    </ClCompile>
    <ClCompile Include="external\imgui\imgui_tables.cpp">
      <Filter>External\ImGui</Filter>
    </ClCompile>
    <ClCompile Include="external\imgui\imgui_impl_win32.cpp">
      <Filter>External\ImGui</Filter>
    </ClCompile>
    <ClCompile Include="external\imgui\imgui_impl_dx11.cpp">
      <Filter>External\ImGui</Filter>
    </ClCompile>
  </ItemGroup>
  <ItemGroup>
    <ClInclude Include="include\backup\BackupManager.h">
      <Filter>Header Files\backup</Filter>
    </ClInclude>
    <ClInclude Include="include\engine\RandomizationEngine.h">
      <Filter>Header Files\engine</Filter>
    </ClInclude>
    <ClInclude Include="include\gui\GuiManager.h">
      <Filter>Header Files\gui</Filter>
    </ClInclude>
    <ClInclude Include="include\modules\AllModules.h">
      <Filter>Header Files\modules</Filter>
    </ClInclude>
    <ClInclude Include="include\modules\CpuModule.h">
      <Filter>Header Files\modules</Filter>
    </ClInclude>
    <ClInclude Include="include\modules\DiskSerialModule.h">
      <Filter>Header Files\modules</Filter>
    </ClInclude>
    <ClInclude Include="include\modules\EfiModule.h">
      <Filter>Header Files\modules</Filter>
    </ClInclude>
    <ClInclude Include="include\modules\GpuModule.h">
      <Filter>Header Files\modules</Filter>
    </ClInclude>
    <ClInclude Include="include\modules\MacAddressModule.h">
      <Filter>Header Files\modules</Filter>
    </ClInclude>
    <ClInclude Include="include\modules\MachineGuidModule.h">
      <Filter>Header Files\modules</Filter>
    </ClInclude>
    <ClInclude Include="include\modules\ModuleBase.h">
      <Filter>Header Files\modules</Filter>
    </ClInclude>
    <ClInclude Include="include\modules\MonitorModule.h">
      <Filter>Header Files\modules</Filter>
    </ClInclude>
    <ClInclude Include="include\modules\RamModule.h">
      <Filter>Header Files\modules</Filter>
    </ClInclude>
    <ClInclude Include="include\modules\SecureBootModule.h">
      <Filter>Header Files\modules</Filter>
    </ClInclude>
    <ClInclude Include="include\modules\SmbiosModule.h">
      <Filter>Header Files\modules</Filter>
    </ClInclude>
    <ClInclude Include="include\modules\TpmModule.h">
      <Filter>Header Files\modules</Filter>
    </ClInclude>
    <ClInclude Include="include\modules\UsbModule.h">
      <Filter>Header Files\modules</Filter>
    </ClInclude>
    <ClInclude Include="include\utils\Logger.h">
      <Filter>Header Files\utils</Filter>
    </ClInclude>
    <ClInclude Include="include\utils\Utils.h">
      <Filter>Header Files\utils</Filter>
    </ClInclude>
    <ClInclude Include="external\imgui\imconfig.h">
      <Filter>External\ImGui</Filter>
    </ClInclude>
    <ClInclude Include="external\imgui\imgui.h">
      <Filter>External\ImGui</Filter>
    </ClInclude>
    <ClInclude Include="external\imgui\imgui_internal.h">
      <Filter>External\ImGui</Filter>
    </ClInclude>
    <ClInclude Include="external\imgui\imgui_impl_win32.h">
      <Filter>External\ImGui</Filter>
    </ClInclude>
    <ClInclude Include="external\imgui\imgui_impl_dx11.h">
      <Filter>External\ImGui</Filter>
    </ClInclude>
  </ItemGroup>
  <ItemGroup>
    <None Include="app.manifest">
      <Filter>Resource Files</Filter>
    </None>
    <None Include="CMakeLists.txt" />
    <None Include="README.md" />
    <None Include=".gitmodules" />
    <None Include=".gitignore" />
  </ItemGroup>
</Project>
